// !$*UTF8*$!
{
	archiveVersion = 1;
	classes = {
	};
	objectVersion = 50;
	objects = {

/* Begin PBXBuildFile section */
		CF013C667B176054DBAD86D2 /* libPods-pastekb.a in Frameworks */ = {isa = PBXBuildFile; fileRef = 3D855ABD5338B6F9898061AC /* libPods-pastekb.a */; };
		D1D5B68A228B0FD0006AA9DD /* AppDelegate.m in Sources */ = {isa = PBXBuildFile; fileRef = D1D5B689228B0FD0006AA9DD /* AppDelegate.m */; };
		D1D5B68D228B0FD0006AA9DD /* ViewController.m in Sources */ = {isa = PBXBuildFile; fileRef = D1D5B68C228B0FD0006AA9DD /* ViewController.m */; };
		D1D5B690228B0FD0006AA9DD /* Main.storyboard in Resources */ = {isa = PBXBuildFile; fileRef = D1D5B68E228B0FD0006AA9DD /* Main.storyboard */; };
		D1D5B692228B0FD0006AA9DD /* Assets.xcassets in Resources */ = {isa = PBXBuildFile; fileRef = D1D5B691228B0FD0006AA9DD /* Assets.xcassets */; };
		D1D5B695228B0FD0006AA9DD /* LaunchScreen.storyboard in Resources */ = {isa = PBXBuildFile; fileRef = D1D5B693228B0FD0006AA9DD /* LaunchScreen.storyboard */; };
		D1D5B698228B0FD0006AA9DD /* main.m in Sources */ = {isa = PBXBuildFile; fileRef = D1D5B697228B0FD0006AA9DD /* main.m */; };
		D1D5B6A6228B100B006AA9DD /* KeyboardViewController.m in Sources */ = {isa = PBXBuildFile; fileRef = D1D5B6A5228B100B006AA9DD /* KeyboardViewController.m */; };
		D1D5B6AA228B100C006AA9DD /* pastekb.appex in Embed App Extensions */ = {isa = PBXBuildFile; fileRef = D1D5B6A2228B100B006AA9DD /* pastekb.appex */; settings = {ATTRIBUTES = (RemoveHeadersOnCopy, ); }; };
		E3C95235E4D70B3F74834A16 /* libPods-pastekbapp.a in Frameworks */ = {isa = PBXBuildFile; fileRef = 2ABD2910153E3F257B8C2D28 /* libPods-pastekbapp.a */; };
/* End PBXBuildFile section */

/* Begin PBXContainerItemProxy section */
		D1D5B6A8228B100C006AA9DD /* PBXContainerItemProxy */ = {
			isa = PBXContainerItemProxy;
			containerPortal = D1D5B67D228B0FD0006AA9DD /* Project object */;
			proxyType = 1;
			remoteGlobalIDString = D1D5B6A1228B100B006AA9DD;
			remoteInfo = pastekb;
		};
/* End PBXContainerItemProxy section */

/* Begin PBXCopyFilesBuildPhase section */
		D1D5B6AE228B100C006AA9DD /* Embed App Extensions */ = {
			isa = PBXCopyFilesBuildPhase;
			buildActionMask = 2147483647;
			dstPath = "";
			dstSubfolderSpec = 13;
			files = (
				D1D5B6AA228B100C006AA9DD /* pastekb.appex in Embed App Extensions */,
			);
			name = "Embed App Extensions";
			runOnlyForDeploymentPostprocessing = 0;
		};
/* End PBXCopyFilesBuildPhase section */

/* Begin PBXFileReference section */
		084AB8669068B318300EEA18 /* Pods-pastekb.debug.xcconfig */ = {isa = PBXFileReference; includeInIndex = 1; lastKnownFileType = text.xcconfig; name = "Pods-pastekb.debug.xcconfig"; path = "Pods/Target Support Files/Pods-pastekb/Pods-pastekb.debug.xcconfig"; sourceTree = "<group>"; };
		2ABD2910153E3F257B8C2D28 /* libPods-pastekbapp.a */ = {isa = PBXFileReference; explicitFileType = archive.ar; includeInIndex = 0; path = "libPods-pastekbapp.a"; sourceTree = BUILT_PRODUCTS_DIR; };
		3D855ABD5338B6F9898061AC /* libPods-pastekb.a */ = {isa = PBXFileReference; explicitFileType = archive.ar; includeInIndex = 0; path = "libPods-pastekb.a"; sourceTree = BUILT_PRODUCTS_DIR; };
		B65E6564BF2574ACCE87842F /* Pods-pastekbapp.release.xcconfig */ = {isa = PBXFileReference; includeInIndex = 1; lastKnownFileType = text.xcconfig; name = "Pods-pastekbapp.release.xcconfig"; path = "Pods/Target Support Files/Pods-pastekbapp/Pods-pastekbapp.release.xcconfig"; sourceTree = "<group>"; };
		D1D5B685228B0FD0006AA9DD /* pastekbapp.app */ = {isa = PBXFileReference; explicitFileType = wrapper.application; includeInIndex = 0; path = pastekbapp.app; sourceTree = BUILT_PRODUCTS_DIR; };
		D1D5B688228B0FD0006AA9DD /* AppDelegate.h */ = {isa = PBXFileReference; lastKnownFileType = sourcecode.c.h; path = AppDelegate.h; sourceTree = "<group>"; };
		D1D5B689228B0FD0006AA9DD /* AppDelegate.m */ = {isa = PBXFileReference; lastKnownFileType = sourcecode.c.objc; path = AppDelegate.m; sourceTree = "<group>"; };
		D1D5B68B228B0FD0006AA9DD /* ViewController.h */ = {isa = PBXFileReference; lastKnownFileType = sourcecode.c.h; path = ViewController.h; sourceTree = "<group>"; };
		D1D5B68C228B0FD0006AA9DD /* ViewController.m */ = {isa = PBXFileReference; lastKnownFileType = sourcecode.c.objc; path = ViewController.m; sourceTree = "<group>"; };
		D1D5B68F228B0FD0006AA9DD /* Base */ = {isa = PBXFileReference; lastKnownFileType = file.storyboard; name = Base; path = Base.lproj/Main.storyboard; sourceTree = "<group>"; };
		D1D5B691228B0FD0006AA9DD /* Assets.xcassets */ = {isa = PBXFileReference; lastKnownFileType = folder.assetcatalog; path = Assets.xcassets; sourceTree = "<group>"; };
		D1D5B694228B0FD0006AA9DD /* Base */ = {isa = PBXFileReference; lastKnownFileType = file.storyboard; name = Base; path = Base.lproj/LaunchScreen.storyboard; sourceTree = "<group>"; };
		D1D5B696228B0FD0006AA9DD /* Info.plist */ = {isa = PBXFileReference; lastKnownFileType = text.plist.xml; path = Info.plist; sourceTree = "<group>"; };
		D1D5B697228B0FD0006AA9DD /* main.m */ = {isa = PBXFileReference; lastKnownFileType = sourcecode.c.objc; path = main.m; sourceTree = "<group>"; };
		D1D5B6A2228B100B006AA9DD /* pastekb.appex */ = {isa = PBXFileReference; explicitFileType = "wrapper.app-extension"; includeInIndex = 0; path = pastekb.appex; sourceTree = BUILT_PRODUCTS_DIR; };
		D1D5B6A4228B100B006AA9DD /* KeyboardViewController.h */ = {isa = PBXFileReference; lastKnownFileType = sourcecode.c.h; path = KeyboardViewController.h; sourceTree = "<group>"; };
		D1D5B6A5228B100B006AA9DD /* KeyboardViewController.m */ = {isa = PBXFileReference; lastKnownFileType = sourcecode.c.objc; path = KeyboardViewController.m; sourceTree = "<group>"; };
		D1D5B6A7228B100C006AA9DD /* Info.plist */ = {isa = PBXFileReference; lastKnownFileType = text.plist.xml; path = Info.plist; sourceTree = "<group>"; };
		F64427BB345D4BA6BD11EAFB /* Pods-pastekb.release.xcconfig */ = {isa = PBXFileReference; includeInIndex = 1; lastKnownFileType = text.xcconfig; name = "Pods-pastekb.release.xcconfig"; path = "Pods/Target Support Files/Pods-pastekb/Pods-pastekb.release.xcconfig"; sourceTree = "<group>"; };
		F8E78A48521563E20BB38241 /* Pods-pastekbapp.debug.xcconfig */ = {isa = PBXFileReference; includeInIndex = 1; lastKnownFileType = text.xcconfig; name = "Pods-pastekbapp.debug.xcconfig"; path = "Pods/Target Support Files/Pods-pastekbapp/Pods-pastekbapp.debug.xcconfig"; sourceTree = "<group>"; };
/* End PBXFileReference section */

/* Begin PBXFrameworksBuildPhase section */
		D1D5B682228B0FD0006AA9DD /* Frameworks */ = {
			isa = PBXFrameworksBuildPhase;
			buildActionMask = 2147483647;
			files = (
				E3C95235E4D70B3F74834A16 /* libPods-pastekbapp.a in Frameworks */,
			);
			runOnlyForDeploymentPostprocessing = 0;
		};
		D1D5B69F228B100B006AA9DD /* Frameworks */ = {
			isa = PBXFrameworksBuildPhase;
			buildActionMask = 2147483647;
			files = (
				CF013C667B176054DBAD86D2 /* libPods-pastekb.a in Frameworks */,
			);
			runOnlyForDeploymentPostprocessing = 0;
		};
/* End PBXFrameworksBuildPhase section */

/* Begin PBXGroup section */
		97D00E75252602BD5A31D1E5 /* Frameworks */ = {
			isa = PBXGroup;
			children = (
				3D855ABD5338B6F9898061AC /* libPods-pastekb.a */,
				2ABD2910153E3F257B8C2D28 /* libPods-pastekbapp.a */,
			);
			name = Frameworks;
			sourceTree = "<group>";
		};
		C452A562B14F4C9CD3AB71F9 /* Pods */ = {
			isa = PBXGroup;
			children = (
				084AB8669068B318300EEA18 /* Pods-pastekb.debug.xcconfig */,
				F64427BB345D4BA6BD11EAFB /* Pods-pastekb.release.xcconfig */,
				F8E78A48521563E20BB38241 /* Pods-pastekbapp.debug.xcconfig */,
				B65E6564BF2574ACCE87842F /* Pods-pastekbapp.release.xcconfig */,
			);
			name = Pods;
			sourceTree = "<group>";
		};
		D1D5B67C228B0FD0006AA9DD = {
			isa = PBXGroup;
			children = (
				D1D5B687228B0FD0006AA9DD /* pastekbapp */,
				D1D5B6A3228B100B006AA9DD /* pastekb */,
				D1D5B686228B0FD0006AA9DD /* Products */,
				C452A562B14F4C9CD3AB71F9 /* Pods */,
				97D00E75252602BD5A31D1E5 /* Frameworks */,
			);
			sourceTree = "<group>";
		};
		D1D5B686228B0FD0006AA9DD /* Products */ = {
			isa = PBXGroup;
			children = (
				D1D5B685228B0FD0006AA9DD /* pastekbapp.app */,
				D1D5B6A2228B100B006AA9DD /* pastekb.appex */,
			);
			name = Products;
			sourceTree = "<group>";
		};
		D1D5B687228B0FD0006AA9DD /* pastekbapp */ = {
			isa = PBXGroup;
			children = (
				D1D5B688228B0FD0006AA9DD /* AppDelegate.h */,
				D1D5B689228B0FD0006AA9DD /* AppDelegate.m */,
				D1D5B68B228B0FD0006AA9DD /* ViewController.h */,
				D1D5B68C228B0FD0006AA9DD /* ViewController.m */,
				D1D5B68E228B0FD0006AA9DD /* Main.storyboard */,
				D1D5B691228B0FD0006AA9DD /* Assets.xcassets */,
				D1D5B693228B0FD0006AA9DD /* LaunchScreen.storyboard */,
				D1D5B696228B0FD0006AA9DD /* Info.plist */,
				D1D5B697228B0FD0006AA9DD /* main.m */,
			);
			path = pastekbapp;
			sourceTree = "<group>";
		};
		D1D5B6A3228B100B006AA9DD /* pastekb */ = {
			isa = PBXGroup;
			children = (
				D1D5B6A4228B100B006AA9DD /* KeyboardViewController.h */,
				D1D5B6A5228B100B006AA9DD /* KeyboardViewController.m */,
				D1D5B6A7228B100C006AA9DD /* Info.plist */,
			);
			path = pastekb;
			sourceTree = "<group>";
		};
/* End PBXGroup section */

/* Begin PBXNativeTarget section */
		D1D5B684228B0FD0006AA9DD /* pastekbapp */ = {
			isa = PBXNativeTarget;
			buildConfigurationList = D1D5B69B228B0FD0006AA9DD /* Build configuration list for PBXNativeTarget "pastekbapp" */;
			buildPhases = (
				33FB322B0F9B0AC6B75A0F6A /* [CP] Check Pods Manifest.lock */,
				D1D5B681228B0FD0006AA9DD /* Sources */,
				D1D5B682228B0FD0006AA9DD /* Frameworks */,
				D1D5B683228B0FD0006AA9DD /* Resources */,
				D1D5B6AE228B100C006AA9DD /* Embed App Extensions */,
			);
			buildRules = (
			);
			dependencies = (
				D1D5B6A9228B100C006AA9DD /* PBXTargetDependency */,
			);
			name = pastekbapp;
			productName = pastekbapp;
			productReference = D1D5B685228B0FD0006AA9DD /* pastekbapp.app */;
			productType = "com.apple.product-type.application";
		};
		D1D5B6A1228B100B006AA9DD /* pastekb */ = {
			isa = PBXNativeTarget;
			buildConfigurationList = D1D5B6AB228B100C006AA9DD /* Build configuration list for PBXNativeTarget "pastekb" */;
			buildPhases = (
				D35823AA7AB64AAA024C867B /* [CP] Check Pods Manifest.lock */,
				D1D5B69E228B100B006AA9DD /* Sources */,
				D1D5B69F228B100B006AA9DD /* Frameworks */,
				D1D5B6A0228B100B006AA9DD /* Resources */,
			);
			buildRules = (
			);
			dependencies = (
			);
			name = pastekb;
			productName = pastekb;
			productReference = D1D5B6A2228B100B006AA9DD /* pastekb.appex */;
			productType = "com.apple.product-type.app-extension";
		};
/* End PBXNativeTarget section */

/* Begin PBXProject section */
		D1D5B67D228B0FD0006AA9DD /* Project object */ = {
			isa = PBXProject;
			attributes = {
				LastUpgradeCheck = 1010;
				ORGANIZATIONNAME = everettjf;
				TargetAttributes = {
					D1D5B684228B0FD0006AA9DD = {
						CreatedOnToolsVersion = 10.1;
					};
					D1D5B6A1228B100B006AA9DD = {
						CreatedOnToolsVersion = 10.1;
					};
				};
			};
			buildConfigurationList = D1D5B680228B0FD0006AA9DD /* Build configuration list for PBXProject "pastekbapp" */;
			compatibilityVersion = "Xcode 9.3";
			developmentRegion = en;
			hasScannedForEncodings = 0;
			knownRegions = (
				en,
				Base,
			);
			mainGroup = D1D5B67C228B0FD0006AA9DD;
			productRefGroup = D1D5B686228B0FD0006AA9DD /* Products */;
			projectDirPath = "";
			projectRoot = "";
			targets = (
				D1D5B684228B0FD0006AA9DD /* pastekbapp */,
				D1D5B6A1228B100B006AA9DD /* pastekb */,
			);
		};
/* End PBXProject section */

/* Begin PBXResourcesBuildPhase section */
		D1D5B683228B0FD0006AA9DD /* Resources */ = {
			isa = PBXResourcesBuildPhase;
			buildActionMask = 2147483647;
			files = (
				D1D5B695228B0FD0006AA9DD /* LaunchScreen.storyboard in Resources */,
				D1D5B692228B0FD0006AA9DD /* Assets.xcassets in Resources */,
				D1D5B690228B0FD0006AA9DD /* Main.storyboard in Resources */,
			);
			runOnlyForDeploymentPostprocessing = 0;
		};
		D1D5B6A0228B100B006AA9DD /* Resources */ = {
			isa = PBXResourcesBuildPhase;
			buildActionMask = 2147483647;
			files = (
			);
			runOnlyForDeploymentPostprocessing = 0;
		};
/* End PBXResourcesBuildPhase section */

/* Begin PBXShellScriptBuildPhase section */
		33FB322B0F9B0AC6B75A0F6A /* [CP] Check Pods Manifest.lock */ = {
			isa = PBXShellScriptBuildPhase;
			buildActionMask = 2147483647;
			files = (
			);
			inputPaths = (
				"${PODS_PODFILE_DIR_PATH}/Podfile.lock",
				"${PODS_ROOT}/Manifest.lock",
			);
			name = "[CP] Check Pods Manifest.lock";
			outputPaths = (
				"$(DERIVED_FILE_DIR)/Pods-pastekbapp-checkManifestLockResult.txt",
			);
			runOnlyForDeploymentPostprocessing = 0;
			shellPath = /bin/sh;
			shellScript = "diff \"${PODS_PODFILE_DIR_PATH}/Podfile.lock\" \"${PODS_ROOT}/Manifest.lock\" > /dev/null\nif [ $? != 0 ] ; then\n    # print error to STDERR\n    echo \"error: The sandbox is not in sync with the Podfile.lock. Run 'pod install' or update your CocoaPods installation.\" >&2\n    exit 1\nfi\n# This output is used by Xcode 'outputs' to avoid re-running this script phase.\necho \"SUCCESS\" > \"${SCRIPT_OUTPUT_FILE_0}\"\n";
			showEnvVarsInLog = 0;
		};
		D35823AA7AB64AAA024C867B /* [CP] Check Pods Manifest.lock */ = {
			isa = PBXShellScriptBuildPhase;
			buildActionMask = 2147483647;
			files = (
			);
			inputPaths = (
				"${PODS_PODFILE_DIR_PATH}/Podfile.lock",
				"${PODS_ROOT}/Manifest.lock",
			);
			name = "[CP] Check Pods Manifest.lock";
			outputPaths = (
				"$(DERIVED_FILE_DIR)/Pods-pastekb-checkManifestLockResult.txt",
			);
			runOnlyForDeploymentPostprocessing = 0;
			shellPath = /bin/sh;
			shellScript = "diff \"${PODS_PODFILE_DIR_PATH}/Podfile.lock\" \"${PODS_ROOT}/Manifest.lock\" > /dev/null\nif [ $? != 0 ] ; then\n    # print error to STDERR\n    echo \"error: The sandbox is not in sync with the Podfile.lock. Run 'pod install' or update your CocoaPods installation.\" >&2\n    exit 1\nfi\n# This output is used by Xcode 'outputs' to avoid re-running this script phase.\necho \"SUCCESS\" > \"${SCRIPT_OUTPUT_FILE_0}\"\n";
			showEnvVarsInLog = 0;
		};
/* End PBXShellScriptBuildPhase section */

/* Begin PBXSourcesBuildPhase section */
		D1D5B681228B0FD0006AA9DD /* Sources */ = {
			isa = PBXSourcesBuildPhase;
			buildActionMask = 2147483647;
			files = (
				D1D5B68D228B0FD0006AA9DD /* ViewController.m in Sources */,
				D1D5B698228B0FD0006AA9DD /* main.m in Sources */,
				D1D5B68A228B0FD0006AA9DD /* AppDelegate.m in Sources */,
			);
			runOnlyForDeploymentPostprocessing = 0;
		};
		D1D5B69E228B100B006AA9DD /* Sources */ = {
			isa = PBXSourcesBuildPhase;
			buildActionMask = 2147483647;
			files = (
				D1D5B6A6228B100B006AA9DD /* KeyboardViewController.m in Sources */,
			);
			runOnlyForDeploymentPostprocessing = 0;
		};
/* End PBXSourcesBuildPhase section */

/* Begin PBXTargetDependency section */
		D1D5B6A9228B100C006AA9DD /* PBXTargetDependency */ = {
			isa = PBXTargetDependency;
			target = D1D5B6A1228B100B006AA9DD /* pastekb */;
			targetProxy = D1D5B6A8228B100C006AA9DD /* PBXContainerItemProxy */;
		};
/* End PBXTargetDependency section */

/* Begin PBXVariantGroup section */
		D1D5B68E228B0FD0006AA9DD /* Main.storyboard */ = {
			isa = PBXVariantGroup;
			children = (
				D1D5B68F228B0FD0006AA9DD /* Base */,
			);
			name = Main.storyboard;
			sourceTree = "<group>";
		};
		D1D5B693228B0FD0006AA9DD /* LaunchScreen.storyboard */ = {
			isa = PBXVariantGroup;
			children = (
				D1D5B694228B0FD0006AA9DD /* Base */,
			);
			name = LaunchScreen.storyboard;
			sourceTree = "<group>";
		};
/* End PBXVariantGroup section */

/* Begin XCBuildConfiguration section */
		D1D5B699228B0FD0006AA9DD /* Debug */ = {
			isa = XCBuildConfiguration;
			buildSettings = {
				ALWAYS_SEARCH_USER_PATHS = NO;
				CLANG_ANALYZER_NONNULL = YES;
				CLANG_ANALYZER_NUMBER_OBJECT_CONVERSION = YES_AGGRESSIVE;
				CLANG_CXX_LANGUAGE_STANDARD = "gnu++14";
				CLANG_CXX_LIBRARY = "libc++";
				CLANG_ENABLE_MODULES = YES;
				CLANG_ENABLE_OBJC_ARC = YES;
				CLANG_ENABLE_OBJC_WEAK = YES;
				CLANG_WARN_BLOCK_CAPTURE_AUTORELEASING = YES;
				CLANG_WARN_BOOL_CONVERSION = YES;
				CLANG_WARN_COMMA = YES;
				CLANG_WARN_CONSTANT_CONVERSION = YES;
				CLANG_WARN_DEPRECATED_OBJC_IMPLEMENTATIONS = YES;
				CLANG_WARN_DIRECT_OBJC_ISA_USAGE = YES_ERROR;
				CLANG_WARN_DOCUMENTATION_COMMENTS = YES;
				CLANG_WARN_EMPTY_BODY = YES;
				CLANG_WARN_ENUM_CONVERSION = YES;
				CLANG_WARN_INFINITE_RECURSION = YES;
				CLANG_WARN_INT_CONVERSION = YES;
				CLANG_WARN_NON_LITERAL_NULL_CONVERSION = YES;
				CLANG_WARN_OBJC_IMPLICIT_RETAIN_SELF = YES;
				CLANG_WARN_OBJC_LITERAL_CONVERSION = YES;
				CLANG_WARN_OBJC_ROOT_CLASS = YES_ERROR;
				CLANG_WARN_RANGE_LOOP_ANALYSIS = YES;
				CLANG_WARN_STRICT_PROTOTYPES = YES;
				CLANG_WARN_SUSPICIOUS_MOVE = YES;
				CLANG_WARN_UNGUARDED_AVAILABILITY = YES_AGGRESSIVE;
				CLANG_WARN_UNREACHABLE_CODE = YES;
				CLANG_WARN__DUPLICATE_METHOD_MATCH = YES;
				CODE_SIGN_IDENTITY = "iPhone Developer";
				COPY_PHASE_STRIP = NO;
				DEBUG_INFORMATION_FORMAT = dwarf;
				ENABLE_STRICT_OBJC_MSGSEND = YES;
				ENABLE_TESTABILITY = YES;
				GCC_C_LANGUAGE_STANDARD = gnu11;
				GCC_DYNAMIC_NO_PIC = NO;
				GCC_NO_COMMON_BLOCKS = YES;
				GCC_OPTIMIZATION_LEVEL = 0;
				GCC_PREPROCESSOR_DEFINITIONS = (
					"DEBUG=1",
					"$(inherited)",
				);
				GCC_WARN_64_TO_32_BIT_CONVERSION = YES;
				GCC_WARN_ABOUT_RETURN_TYPE = YES_ERROR;
				GCC_WARN_UNDECLARED_SELECTOR = YES;
				GCC_WARN_UNINITIALIZED_AUTOS = YES_AGGRESSIVE;
				GCC_WARN_UNUSED_FUNCTION = YES;
				GCC_WARN_UNUSED_VARIABLE = YES;
				IPHONEOS_DEPLOYMENT_TARGET = 10.0;
				MTL_ENABLE_DEBUG_INFO = INCLUDE_SOURCE;
				MTL_FAST_MATH = YES;
				ONLY_ACTIVE_ARCH = YES;
				SDKROOT = iphoneos;
			};
			name = Debug;
		};
		D1D5B69A228B0FD0006AA9DD /* Release */ = {
			isa = XCBuildConfiguration;
			buildSettings = {
				ALWAYS_SEARCH_USER_PATHS = NO;
				CLANG_ANALYZER_NONNULL = YES;
				CLANG_ANALYZER_NUMBER_OBJECT_CONVERSION = YES_AGGRESSIVE;
				CLANG_CXX_LANGUAGE_STANDARD = "gnu++14";
				CLANG_CXX_LIBRARY = "libc++";
				CLANG_ENABLE_MODULES = YES;
				CLANG_ENABLE_OBJC_ARC = YES;
				CLANG_ENABLE_OBJC_WEAK = YES;
				CLANG_WARN_BLOCK_CAPTURE_AUTORELEASING = YES;
				CLANG_WARN_BOOL_CONVERSION = YES;
				CLANG_WARN_COMMA = YES;
				CLANG_WARN_CONSTANT_CONVERSION = YES;
				CLANG_WARN_DEPRECATED_OBJC_IMPLEMENTATIONS = YES;
				CLANG_WARN_DIRECT_OBJC_ISA_USAGE = YES_ERROR;
				CLANG_WARN_DOCUMENTATION_COMMENTS = YES;
				CLANG_WARN_EMPTY_BODY = YES;
				CLANG_WARN_ENUM_CONVERSION = YES;
				CLANG_WARN_INFINITE_RECURSION = YES;
				CLANG_WARN_INT_CONVERSION = YES;
				CLANG_WARN_NON_LITERAL_NULL_CONVERSION = YES;
				CLANG_WARN_OBJC_IMPLICIT_RETAIN_SELF = YES;
				CLANG_WARN_OBJC_LITERAL_CONVERSION = YES;
				CLANG_WARN_OBJC_ROOT_CLASS = YES_ERROR;
				CLANG_WARN_RANGE_LOOP_ANALYSIS = YES;
				CLANG_WARN_STRICT_PROTOTYPES = YES;
				CLANG_WARN_SUSPICIOUS_MOVE = YES;
				CLANG_WARN_UNGUARDED_AVAILABILITY = YES_AGGRESSIVE;
				CLANG_WARN_UNREACHABLE_CODE = YES;
				CLANG_WARN__DUPLICATE_METHOD_MATCH = YES;
				CODE_SIGN_IDENTITY = "iPhone Developer";
				COPY_PHASE_STRIP = NO;
				DEBUG_INFORMATION_FORMAT = "dwarf-with-dsym";
				ENABLE_NS_ASSERTIONS = NO;
				ENABLE_STRICT_OBJC_MSGSEND = YES;
				GCC_C_LANGUAGE_STANDARD = gnu11;
				GCC_NO_COMMON_BLOCKS = YES;
				GCC_WARN_64_TO_32_BIT_CONVERSION = YES;
				GCC_WARN_ABOUT_RETURN_TYPE = YES_ERROR;
				GCC_WARN_UNDECLARED_SELECTOR = YES;
				GCC_WARN_UNINITIALIZED_AUTOS = YES_AGGRESSIVE;
				GCC_WARN_UNUSED_FUNCTION = YES;
				GCC_WARN_UNUSED_VARIABLE = YES;
				IPHONEOS_DEPLOYMENT_TARGET = 10.0;
				MTL_ENABLE_DEBUG_INFO = NO;
				MTL_FAST_MATH = YES;
				SDKROOT = iphoneos;
				VALIDATE_PRODUCT = YES;
			};
			name = Release;
		};
		D1D5B69C228B0FD0006AA9DD /* Debug */ = {
			isa = XCBuildConfiguration;
			baseConfigurationReference = F8E78A48521563E20BB38241 /* Pods-pastekbapp.debug.xcconfig */;
			buildSettings = {
				ASSETCATALOG_COMPILER_APPICON_NAME = AppIcon;
				CODE_SIGN_STYLE = Automatic;
				DEVELOPMENT_TEAM = YPV49M8592;
				INFOPLIST_FILE = pastekbapp/Info.plist;
				IPHONEOS_DEPLOYMENT_TARGET = 10.0;
				LD_RUNPATH_SEARCH_PATHS = (
					"$(inherited)",
					"@executable_path/Frameworks",
				);
				PRODUCT_BUNDLE_IDENTIFIER = com.everettjf.pastekbapp;
				PRODUCT_NAME = "$(TARGET_NAME)";
				TARGETED_DEVICE_FAMILY = "1,2";
			};
			name = Debug;
		};
		D1D5B69D228B0FD0006AA9DD /* Release */ = {
			isa = XCBuildConfiguration;
			baseConfigurationReference = B65E6564BF2574ACCE87842F /* Pods-pastekbapp.release.xcconfig */;
			buildSettings = {
				ASSETCATALOG_COMPILER_APPICON_NAME = AppIcon;
				CODE_SIGN_STYLE = Automatic;
				DEVELOPMENT_TEAM = YPV49M8592;
				INFOPLIST_FILE = pastekbapp/Info.plist;
				IPHONEOS_DEPLOYMENT_TARGET = 10.0;
				LD_RUNPATH_SEARCH_PATHS = (
					"$(inherited)",
					"@executable_path/Frameworks",
				);
				PRODUCT_BUNDLE_IDENTIFIER = com.everettjf.pastekbapp;
				PRODUCT_NAME = "$(TARGET_NAME)";
				TARGETED_DEVICE_FAMILY = "1,2";
			};
			name = Release;
		};
		D1D5B6AC228B100C006AA9DD /* Debug */ = {
			isa = XCBuildConfiguration;
			baseConfigurationReference = 084AB8669068B318300EEA18 /* Pods-pastekb.debug.xcconfig */;
			buildSettings = {
				CODE_SIGN_STYLE = Automatic;
				DEVELOPMENT_TEAM = YPV49M8592;
				INFOPLIST_FILE = pastekb/Info.plist;
				IPHONEOS_DEPLOYMENT_TARGET = 10.0;
				LD_RUNPATH_SEARCH_PATHS = (
					"$(inherited)",
					"@executable_path/Frameworks",
					"@executable_path/../../Frameworks",
				);
				PRODUCT_BUNDLE_IDENTIFIER = com.everettjf.pastekbapp.pastekb;
				PRODUCT_NAME = "$(TARGET_NAME)";
				SKIP_INSTALL = YES;
				TARGETED_DEVICE_FAMILY = "1,2";
			};
			name = Debug;
		};
		D1D5B6AD228B100C006AA9DD /* Release */ = {
			isa = XCBuildConfiguration;
			baseConfigurationReference = F64427BB345D4BA6BD11EAFB /* Pods-pastekb.release.xcconfig */;
			buildSettings = {
				CODE_SIGN_STYLE = Automatic;
				DEVELOPMENT_TEAM = YPV49M8592;
				INFOPLIST_FILE = pastekb/Info.plist;
				IPHONEOS_DEPLOYMENT_TARGET = 10.0;
				LD_RUNPATH_SEARCH_PATHS = (
					"$(inherited)",
					"@executable_path/Frameworks",
					"@executable_path/../../Frameworks",
				);
				PRODUCT_BUNDLE_IDENTIFIER = com.everettjf.pastekbapp.pastekb;
				PRODUCT_NAME = "$(TARGET_NAME)";
				SKIP_INSTALL = YES;
				TARGETED_DEVICE_FAMILY = "1,2";
			};
			name = Release;
		};
/* End XCBuildConfiguration section */

/* Begin XCConfigurationList section */
		D1D5B680228B0FD0006AA9DD /* Build configuration list for PBXProject "pastekbapp" */ = {
			isa = XCConfigurationList;
			buildConfigurations = (
				D1D5B699228B0FD0006AA9DD /* Debug */,
				D1D5B69A228B0FD0006AA9DD /* Release */,
			);
			defaultConfigurationIsVisible = 0;
			defaultConfigurationName = Release;
		};
		D1D5B69B228B0FD0006AA9DD /* Build configuration list for PBXNativeTarget "pastekbapp" */ = {
			isa = XCConfigurationList;
			buildConfigurations = (
				D1D5B69C228B0FD0006AA9DD /* Debug */,
				D1D5B69D228B0FD0006AA9DD /* Release */,
			);
			defaultConfigurationIsVisible = 0;
			defaultConfigurationName = Release;
		};
		D1D5B6AB228B100C006AA9DD /* Build configuration list for PBXNativeTarget "pastekb" */ = {
			isa = XCConfigurationList;
			buildConfigurations = (
				D1D5B6AC228B100C006AA9DD /* Debug */,
				D1D5B6AD228B100C006AA9DD /* Release */,
			);
			defaultConfigurationIsVisible = 0;
			defaultConfigurationName = Release;
		};
/* End XCConfigurationList section */
	};
	rootObject = D1D5B67D228B0FD0006AA9DD /* Project object */;
}
